
Microsoft Visual Studio Solution File, Format Version 12.00
# Visual Studio Version 16
VisualStudioVersion = 16.0.31005.135
MinimumVisualStudioVersion = 10.0.40219.1
Project("{FAE04EC0-301F-11D3-BF4B-00C04F79EFBC}") = "ISS.DigitalAcademy.Core", "ISS.DigitalAcademy.Core\ISS.DigitalAcademy.Core.csproj", "{CBB26F97-E747-44A1-B8BD-CBA9049BD763}"
EndProject
Project("{FAE04EC0-301F-11D3-BF4B-00C04F79EFBC}") = "ISS.DigitalAcademy.Api", "ISS.DigitalAcademy.Api\ISS.DigitalAcademy.Api.csproj", "{0D6B986F-C856-4272-8996-AFBE36FCCB70}"
EndProject
Project("{FAE04EC0-301F-11D3-BF4B-00C04F79EFBC}") = "ISS.DigitalAcademy.Facade", "ISS.DigitalAcademy.Facade\ISS.DigitalAcademy.Facade.csproj", "{89817A2D-46C3-45E2-BEE9-9C1F5DF93ED3}"
EndProject
Global
	GlobalSection(SolutionConfigurationPlatforms) = preSolution
		Debug|Any CPU = Debug|Any CPU
		Release|Any CPU = Release|Any CPU
	EndGlobalSection
	GlobalSection(ProjectConfigurationPlatforms) = postSolution
		{CBB26F97-E747-44A1-B8BD-CBA9049BD763}.Debug|Any CPU.ActiveCfg = Debug|Any CPU
		{CBB26F97-E747-44A1-B8BD-CBA9049BD763}.Debug|Any CPU.Build.0 = Debug|Any CPU
		{CBB26F97-E747-44A1-B8BD-CBA9049BD763}.Release|Any CPU.ActiveCfg = Release|Any CPU
		{CBB26F97-E747-44A1-B8BD-CBA9049BD763}.Release|Any CPU.Build.0 = Release|Any CPU
		{0D6B986F-C856-4272-8996-AFBE36FCCB70}.Debug|Any CPU.ActiveCfg = Debug|Any CPU
		{0D6B986F-C856-4272-8996-AFBE36FCCB70}.Debug|Any CPU.Build.0 = Debug|Any CPU
		{0D6B986F-C856-4272-8996-AFBE36FCCB70}.Release|Any CPU.ActiveCfg = Release|Any CPU
		{0D6B986F-C856-4272-8996-AFBE36FCCB70}.Release|Any CPU.Build.0 = Release|Any CPU
		{89817A2D-46C3-45E2-BEE9-9C1F5DF93ED3}.Debug|Any CPU.ActiveCfg = Debug|Any CPU
		{89817A2D-46C3-45E2-BEE9-9C1F5DF93ED3}.Debug|Any CPU.Build.0 = Debug|Any CPU
		{89817A2D-46C3-45E2-BEE9-9C1F5DF93ED3}.Release|Any CPU.ActiveCfg = Release|Any CPU
		{89817A2D-46C3-45E2-BEE9-9C1F5DF93ED3}.Release|Any CPU.Build.0 = Release|Any CPU
	EndGlobalSection
	GlobalSection(SolutionProperties) = preSolution
		HideSolutionNode = FALSE
	EndGlobalSection
	GlobalSection(ExtensibilityGlobals) = postSolution
		SolutionGuid = {6C7D106A-29A2-4212-B33E-1E04ADBAB1EB}
	EndGlobalSection
EndGlobal
