
Microsoft Visual Studio Solution File, Format Version 12.00
# Visual Studio Version 16
VisualStudioVersion = 16.0.31005.135
MinimumVisualStudioVersion = 10.0.40219.1
Project("{FAE04EC0-301F-11D3-BF4B-00C04F79EFBC}") = "ISS.DigitalAcademy.Api", "ISS.DigitalAcademy.Api\ISS.DigitalAcademy.Api.csproj", "{D1954DED-77E8-4445-92A8-E683B8D489CB}"
EndProject
Global
	GlobalSection(SolutionConfigurationPlatforms) = preSolution
		Debug|Any CPU = Debug|Any CPU
		Release|Any CPU = Release|Any CPU
	EndGlobalSection
	GlobalSection(ProjectConfigurationPlatforms) = postSolution
		{D1954DED-77E8-4445-92A8-E683B8D489CB}.Debug|Any CPU.ActiveCfg = Debug|Any CPU
		{D1954DED-77E8-4445-92A8-E683B8D489CB}.Debug|Any CPU.Build.0 = Debug|Any CPU
		{D1954DED-77E8-4445-92A8-E683B8D489CB}.Release|Any CPU.ActiveCfg = Release|Any CPU
		{D1954DED-77E8-4445-92A8-E683B8D489CB}.Release|Any CPU.Build.0 = Release|Any CPU
	EndGlobalSection
	GlobalSection(SolutionProperties) = preSolution
		HideSolutionNode = FALSE
	EndGlobalSection
	GlobalSection(ExtensibilityGlobals) = postSolution
		SolutionGuid = {6C7D106A-29A2-4212-B33E-1E04ADBAB1EB}
	EndGlobalSection
EndGlobal
